// !$*UTF8*$!
{
	archiveVersion = 1;
	classes = {
	};
	objectVersion = 55;
	objects = {

/* Begin PBXBuildFile section */
		E99E1714288768EB0076D42B /* FrontendApp.swift in Sources */ = {isa = PBXBuildFile; fileRef = E99E1713288768EB0076D42B /* FrontendApp.swift */; };
		E99E1716288768EB0076D42B /* ContentView.swift in Sources */ = {isa = PBXBuildFile; fileRef = E99E1715288768EB0076D42B /* ContentView.swift */; };
		E99E1718288768EC0076D42B /* Assets.xcassets in Resources */ = {isa = PBXBuildFile; fileRef = E99E1717288768EC0076D42B /* Assets.xcassets */; };
		E99E171B288768EC0076D42B /* Preview Assets.xcassets in Resources */ = {isa = PBXBuildFile; fileRef = E99E171A288768EC0076D42B /* Preview Assets.xcassets */; };
		E99E171D288768EC0076D42B /* Persistence.swift in Sources */ = {isa = PBXBuildFile; fileRef = E99E171C288768EC0076D42B /* Persistence.swift */; };
		E99E1720288768EC0076D42B /* Frontend.xcdatamodeld in Sources */ = {isa = PBXBuildFile; fileRef = E99E171E288768EC0076D42B /* Frontend.xcdatamodeld */; };
		E99E172A288768EC0076D42B /* FrontendTests.swift in Sources */ = {isa = PBXBuildFile; fileRef = E99E1729288768EC0076D42B /* FrontendTests.swift */; };
		E99E1734288768EC0076D42B /* FrontendUITests.swift in Sources */ = {isa = PBXBuildFile; fileRef = E99E1733288768EC0076D42B /* FrontendUITests.swift */; };
		E99E1736288768EC0076D42B /* FrontendUITestsLaunchTests.swift in Sources */ = {isa = PBXBuildFile; fileRef = E99E1735288768EC0076D42B /* FrontendUITestsLaunchTests.swift */; };
/* End PBXBuildFile section */

/* Begin PBXContainerItemProxy section */
		E99E1726288768EC0076D42B /* PBXContainerItemProxy */ = {
			isa = PBXContainerItemProxy;
			containerPortal = E99E1708288768EB0076D42B /* Project object */;
			proxyType = 1;
			remoteGlobalIDString = E99E170F288768EB0076D42B;
			remoteInfo = Frontend;
		};
		E99E1730288768EC0076D42B /* PBXContainerItemProxy */ = {
			isa = PBXContainerItemProxy;
			containerPortal = E99E1708288768EB0076D42B /* Project object */;
			proxyType = 1;
			remoteGlobalIDString = E99E170F288768EB0076D42B;
			remoteInfo = Frontend;
		};
/* End PBXContainerItemProxy section */

/* Begin PBXFileReference section */
		E99E1710288768EB0076D42B /* Frontend.app */ = {isa = PBXFileReference; explicitFileType = wrapper.application; includeInIndex = 0; path = Frontend.app; sourceTree = BUILT_PRODUCTS_DIR; };
		E99E1713288768EB0076D42B /* FrontendApp.swift */ = {isa = PBXFileReference; lastKnownFileType = sourcecode.swift; path = FrontendApp.swift; sourceTree = "<group>"; };
		E99E1715288768EB0076D42B /* ContentView.swift */ = {isa = PBXFileReference; lastKnownFileType = sourcecode.swift; path = ContentView.swift; sourceTree = "<group>"; };
		E99E1717288768EC0076D42B /* Assets.xcassets */ = {isa = PBXFileReference; lastKnownFileType = folder.assetcatalog; path = Assets.xcassets; sourceTree = "<group>"; };
		E99E171A288768EC0076D42B /* Preview Assets.xcassets */ = {isa = PBXFileReference; lastKnownFileType = folder.assetcatalog; path = "Preview Assets.xcassets"; sourceTree = "<group>"; };
		E99E171C288768EC0076D42B /* Persistence.swift */ = {isa = PBXFileReference; lastKnownFileType = sourcecode.swift; path = Persistence.swift; sourceTree = "<group>"; };
		E99E171F288768EC0076D42B /* Frontend.xcdatamodel */ = {isa = PBXFileReference; lastKnownFileType = wrapper.xcdatamodel; path = Frontend.xcdatamodel; sourceTree = "<group>"; };
		E99E1725288768EC0076D42B /* FrontendTests.xctest */ = {isa = PBXFileReference; explicitFileType = wrapper.cfbundle; includeInIndex = 0; path = FrontendTests.xctest; sourceTree = BUILT_PRODUCTS_DIR; };
		E99E1729288768EC0076D42B /* FrontendTests.swift */ = {isa = PBXFileReference; lastKnownFileType = sourcecode.swift; path = FrontendTests.swift; sourceTree = "<group>"; };
		E99E172F288768EC0076D42B /* FrontendUITests.xctest */ = {isa = PBXFileReference; explicitFileType = wrapper.cfbundle; includeInIndex = 0; path = FrontendUITests.xctest; sourceTree = BUILT_PRODUCTS_DIR; };
		E99E1733288768EC0076D42B /* FrontendUITests.swift */ = {isa = PBXFileReference; lastKnownFileType = sourcecode.swift; path = FrontendUITests.swift; sourceTree = "<group>"; };
		E99E1735288768EC0076D42B /* FrontendUITestsLaunchTests.swift */ = {isa = PBXFileReference; lastKnownFileType = sourcecode.swift; path = FrontendUITestsLaunchTests.swift; sourceTree = "<group>"; };
/* End PBXFileReference section */

/* Begin PBXFrameworksBuildPhase section */
		E99E170D288768EB0076D42B /* Frameworks */ = {
			isa = PBXFrameworksBuildPhase;
			buildActionMask = 2147483647;
			files = (
			);
			runOnlyForDeploymentPostprocessing = 0;
		};
		E99E1722288768EC0076D42B /* Frameworks */ = {
			isa = PBXFrameworksBuildPhase;
			buildActionMask = 2147483647;
			files = (
			);
			runOnlyForDeploymentPostprocessing = 0;
		};
		E99E172C288768EC0076D42B /* Frameworks */ = {
			isa = PBXFrameworksBuildPhase;
			buildActionMask = 2147483647;
			files = (
			);
			runOnlyForDeploymentPostprocessing = 0;
		};
/* End PBXFrameworksBuildPhase section */

/* Begin PBXGroup section */
		E99E1707288768EB0076D42B = {
			isa = PBXGroup;
			children = (
				E99E1712288768EB0076D42B /* Frontend */,
				E99E1728288768EC0076D42B /* FrontendTests */,
				E99E1732288768EC0076D42B /* FrontendUITests */,
				E99E1711288768EB0076D42B /* Products */,
			);
			sourceTree = "<group>";
		};
		E99E1711288768EB0076D42B /* Products */ = {
			isa = PBXGroup;
			children = (
				E99E1710288768EB0076D42B /* Frontend.app */,
				E99E1725288768EC0076D42B /* FrontendTests.xctest */,
				E99E172F288768EC0076D42B /* FrontendUITests.xctest */,
			);
			name = Products;
			sourceTree = "<group>";
		};
		E99E1712288768EB0076D42B /* Frontend */ = {
			isa = PBXGroup;
			children = (
				E99E1713288768EB0076D42B /* FrontendApp.swift */,
				E99E1715288768EB0076D42B /* ContentView.swift */,
				E99E1717288768EC0076D42B /* Assets.xcassets */,
				E99E171C288768EC0076D42B /* Persistence.swift */,
				E99E171E288768EC0076D42B /* Frontend.xcdatamodeld */,
				E99E1719288768EC0076D42B /* Preview Content */,
			);
			path = Frontend;
			sourceTree = "<group>";
		};
		E99E1719288768EC0076D42B /* Preview Content */ = {
			isa = PBXGroup;
			children = (
				E99E171A288768EC0076D42B /* Preview Assets.xcassets */,
			);
			path = "Preview Content";
			sourceTree = "<group>";
		};
		E99E1728288768EC0076D42B /* FrontendTests */ = {
			isa = PBXGroup;
			children = (
				E99E1729288768EC0076D42B /* FrontendTests.swift */,
			);
			path = FrontendTests;
			sourceTree = "<group>";
		};
		E99E1732288768EC0076D42B /* FrontendUITests */ = {
			isa = PBXGroup;
			children = (
				E99E1733288768EC0076D42B /* FrontendUITests.swift */,
				E99E1735288768EC0076D42B /* FrontendUITestsLaunchTests.swift */,
			);
			path = FrontendUITests;
			sourceTree = "<group>";
		};
/* End PBXGroup section */

/* Begin PBXNativeTarget section */
		E99E170F288768EB0076D42B /* Frontend */ = {
			isa = PBXNativeTarget;
			buildConfigurationList = E99E1739288768EC0076D42B /* Build configuration list for PBXNativeTarget "Frontend" */;
			buildPhases = (
				E99E170C288768EB0076D42B /* Sources */,
				E99E170D288768EB0076D42B /* Frameworks */,
				E99E170E288768EB0076D42B /* Resources */,
			);
			buildRules = (
			);
			dependencies = (
			);
			name = Frontend;
			productName = Frontend;
			productReference = E99E1710288768EB0076D42B /* Frontend.app */;
			productType = "com.apple.product-type.application";
		};
		E99E1724288768EC0076D42B /* FrontendTests */ = {
			isa = PBXNativeTarget;
			buildConfigurationList = E99E173C288768EC0076D42B /* Build configuration list for PBXNativeTarget "FrontendTests" */;
			buildPhases = (
				E99E1721288768EC0076D42B /* Sources */,
				E99E1722288768EC0076D42B /* Frameworks */,
				E99E1723288768EC0076D42B /* Resources */,
			);
			buildRules = (
			);
			dependencies = (
				E99E1727288768EC0076D42B /* PBXTargetDependency */,
			);
			name = FrontendTests;
			productName = FrontendTests;
			productReference = E99E1725288768EC0076D42B /* FrontendTests.xctest */;
			productType = "com.apple.product-type.bundle.unit-test";
		};
		E99E172E288768EC0076D42B /* FrontendUITests */ = {
			isa = PBXNativeTarget;
			buildConfigurationList = E99E173F288768EC0076D42B /* Build configuration list for PBXNativeTarget "FrontendUITests" */;
			buildPhases = (
				E99E172B288768EC0076D42B /* Sources */,
				E99E172C288768EC0076D42B /* Frameworks */,
				E99E172D288768EC0076D42B /* Resources */,
			);
			buildRules = (
			);
			dependencies = (
				E99E1731288768EC0076D42B /* PBXTargetDependency */,
			);
			name = FrontendUITests;
			productName = FrontendUITests;
			productReference = E99E172F288768EC0076D42B /* FrontendUITests.xctest */;
			productType = "com.apple.product-type.bundle.ui-testing";
		};
/* End PBXNativeTarget section */

/* Begin PBXProject section */
		E99E1708288768EB0076D42B /* Project object */ = {
			isa = PBXProject;
			attributes = {
				BuildIndependentTargetsInParallel = 1;
				LastSwiftUpdateCheck = 1340;
				LastUpgradeCheck = 1340;
				TargetAttributes = {
					E99E170F288768EB0076D42B = {
						CreatedOnToolsVersion = 13.4.1;
					};
					E99E1724288768EC0076D42B = {
						CreatedOnToolsVersion = 13.4.1;
						TestTargetID = E99E170F288768EB0076D42B;
					};
					E99E172E288768EC0076D42B = {
						CreatedOnToolsVersion = 13.4.1;
						TestTargetID = E99E170F288768EB0076D42B;
					};
				};
			};
			buildConfigurationList = E99E170B288768EB0076D42B /* Build configuration list for PBXProject "Frontend" */;
			compatibilityVersion = "Xcode 13.0";
			developmentRegion = en;
			hasScannedForEncodings = 0;
			knownRegions = (
				en,
				Base,
			);
			mainGroup = E99E1707288768EB0076D42B;
			productRefGroup = E99E1711288768EB0076D42B /* Products */;
			projectDirPath = "";
			projectRoot = "";
			targets = (
				E99E170F288768EB0076D42B /* Frontend */,
				E99E1724288768EC0076D42B /* FrontendTests */,
				E99E172E288768EC0076D42B /* FrontendUITests */,
			);
		};
/* End PBXProject section */

/* Begin PBXResourcesBuildPhase section */
		E99E170E288768EB0076D42B /* Resources */ = {
			isa = PBXResourcesBuildPhase;
			buildActionMask = 2147483647;
			files = (
				E99E171B288768EC0076D42B /* Preview Assets.xcassets in Resources */,
				E99E1718288768EC0076D42B /* Assets.xcassets in Resources */,
			);
			runOnlyForDeploymentPostprocessing = 0;
		};
		E99E1723288768EC0076D42B /* Resources */ = {
			isa = PBXResourcesBuildPhase;
			buildActionMask = 2147483647;
			files = (
			);
			runOnlyForDeploymentPostprocessing = 0;
		};
		E99E172D288768EC0076D42B /* Resources */ = {
			isa = PBXResourcesBuildPhase;
			buildActionMask = 2147483647;
			files = (
			);
			runOnlyForDeploymentPostprocessing = 0;
		};
/* End PBXResourcesBuildPhase section */

/* Begin PBXSourcesBuildPhase section */
		E99E170C288768EB0076D42B /* Sources */ = {
			isa = PBXSourcesBuildPhase;
			buildActionMask = 2147483647;
			files = (
				E99E171D288768EC0076D42B /* Persistence.swift in Sources */,
				E99E1720288768EC0076D42B /* Frontend.xcdatamodeld in Sources */,
				E99E1716288768EB0076D42B /* ContentView.swift in Sources */,
				E99E1714288768EB0076D42B /* FrontendApp.swift in Sources */,
			);
			runOnlyForDeploymentPostprocessing = 0;
		};
		E99E1721288768EC0076D42B /* Sources */ = {
			isa = PBXSourcesBuildPhase;
			buildActionMask = 2147483647;
			files = (
				E99E172A288768EC0076D42B /* FrontendTests.swift in Sources */,
			);
			runOnlyForDeploymentPostprocessing = 0;
		};
		E99E172B288768EC0076D42B /* Sources */ = {
			isa = PBXSourcesBuildPhase;
			buildActionMask = 2147483647;
			files = (
				E99E1736288768EC0076D42B /* FrontendUITestsLaunchTests.swift in Sources */,
				E99E1734288768EC0076D42B /* FrontendUITests.swift in Sources */,
			);
			runOnlyForDeploymentPostprocessing = 0;
		};
/* End PBXSourcesBuildPhase section */

/* Begin PBXTargetDependency section */
		E99E1727288768EC0076D42B /* PBXTargetDependency */ = {
			isa = PBXTargetDependency;
			target = E99E170F288768EB0076D42B /* Frontend */;
			targetProxy = E99E1726288768EC0076D42B /* PBXContainerItemProxy */;
		};
		E99E1731288768EC0076D42B /* PBXTargetDependency */ = {
			isa = PBXTargetDependency;
			target = E99E170F288768EB0076D42B /* Frontend */;
			targetProxy = E99E1730288768EC0076D42B /* PBXContainerItemProxy */;
		};
/* End PBXTargetDependency section */

/* Begin XCBuildConfiguration section */
		E99E1737288768EC0076D42B /* Debug */ = {
			isa = XCBuildConfiguration;
			buildSettings = {
				ALWAYS_SEARCH_USER_PATHS = NO;
				CLANG_ANALYZER_NONNULL = YES;
				CLANG_ANALYZER_NUMBER_OBJECT_CONVERSION = YES_AGGRESSIVE;
				CLANG_CXX_LANGUAGE_STANDARD = "gnu++17";
				CLANG_ENABLE_MODULES = YES;
				CLANG_ENABLE_OBJC_ARC = YES;
				CLANG_ENABLE_OBJC_WEAK = YES;
				CLANG_WARN_BLOCK_CAPTURE_AUTORELEASING = YES;
				CLANG_WARN_BOOL_CONVERSION = YES;
				CLANG_WARN_COMMA = YES;
				CLANG_WARN_CONSTANT_CONVERSION = YES;
				CLANG_WARN_DEPRECATED_OBJC_IMPLEMENTATIONS = YES;
				CLANG_WARN_DIRECT_OBJC_ISA_USAGE = YES_ERROR;
				CLANG_WARN_DOCUMENTATION_COMMENTS = YES;
				CLANG_WARN_EMPTY_BODY = YES;
				CLANG_WARN_ENUM_CONVERSION = YES;
				CLANG_WARN_INFINITE_RECURSION = YES;
				CLANG_WARN_INT_CONVERSION = YES;
				CLANG_WARN_NON_LITERAL_NULL_CONVERSION = YES;
				CLANG_WARN_OBJC_IMPLICIT_RETAIN_SELF = YES;
				CLANG_WARN_OBJC_LITERAL_CONVERSION = YES;
				CLANG_WARN_OBJC_ROOT_CLASS = YES_ERROR;
				CLANG_WARN_QUOTED_INCLUDE_IN_FRAMEWORK_HEADER = YES;
				CLANG_WARN_RANGE_LOOP_ANALYSIS = YES;
				CLANG_WARN_STRICT_PROTOTYPES = YES;
				CLANG_WARN_SUSPICIOUS_MOVE = YES;
				CLANG_WARN_UNGUARDED_AVAILABILITY = YES_AGGRESSIVE;
				CLANG_WARN_UNREACHABLE_CODE = YES;
				CLANG_WARN__DUPLICATE_METHOD_MATCH = YES;
				COPY_PHASE_STRIP = NO;
				DEBUG_INFORMATION_FORMAT = dwarf;
				ENABLE_STRICT_OBJC_MSGSEND = YES;
				ENABLE_TESTABILITY = YES;
				GCC_C_LANGUAGE_STANDARD = gnu11;
				GCC_DYNAMIC_NO_PIC = NO;
				GCC_NO_COMMON_BLOCKS = YES;
				GCC_OPTIMIZATION_LEVEL = 0;
				GCC_PREPROCESSOR_DEFINITIONS = (
					"DEBUG=1",
					"$(inherited)",
				);
				GCC_WARN_64_TO_32_BIT_CONVERSION = YES;
				GCC_WARN_ABOUT_RETURN_TYPE = YES_ERROR;
				GCC_WARN_UNDECLARED_SELECTOR = YES;
				GCC_WARN_UNINITIALIZED_AUTOS = YES_AGGRESSIVE;
				GCC_WARN_UNUSED_FUNCTION = YES;
				GCC_WARN_UNUSED_VARIABLE = YES;
				IPHONEOS_DEPLOYMENT_TARGET = 15.5;
				MTL_ENABLE_DEBUG_INFO = INCLUDE_SOURCE;
				MTL_FAST_MATH = YES;
				ONLY_ACTIVE_ARCH = YES;
				SDKROOT = iphoneos;
				SWIFT_ACTIVE_COMPILATION_CONDITIONS = DEBUG;
				SWIFT_OPTIMIZATION_LEVEL = "-Onone";
			};
			name = Debug;
		};
		E99E1738288768EC0076D42B /* Release */ = {
			isa = XCBuildConfiguration;
			buildSettings = {
				ALWAYS_SEARCH_USER_PATHS = NO;
				CLANG_ANALYZER_NONNULL = YES;
				CLANG_ANALYZER_NUMBER_OBJECT_CONVERSION = YES_AGGRESSIVE;
				CLANG_CXX_LANGUAGE_STANDARD = "gnu++17";
				CLANG_ENABLE_MODULES = YES;
				CLANG_ENABLE_OBJC_ARC = YES;
				CLANG_ENABLE_OBJC_WEAK = YES;
				CLANG_WARN_BLOCK_CAPTURE_AUTORELEASING = YES;
				CLANG_WARN_BOOL_CONVERSION = YES;
				CLANG_WARN_COMMA = YES;
				CLANG_WARN_CONSTANT_CONVERSION = YES;
				CLANG_WARN_DEPRECATED_OBJC_IMPLEMENTATIONS = YES;
				CLANG_WARN_DIRECT_OBJC_ISA_USAGE = YES_ERROR;
				CLANG_WARN_DOCUMENTATION_COMMENTS = YES;
				CLANG_WARN_EMPTY_BODY = YES;
				CLANG_WARN_ENUM_CONVERSION = YES;
				CLANG_WARN_INFINITE_RECURSION = YES;
				CLANG_WARN_INT_CONVERSION = YES;
				CLANG_WARN_NON_LITERAL_NULL_CONVERSION = YES;
				CLANG_WARN_OBJC_IMPLICIT_RETAIN_SELF = YES;
				CLANG_WARN_OBJC_LITERAL_CONVERSION = YES;
				CLANG_WARN_OBJC_ROOT_CLASS = YES_ERROR;
				CLANG_WARN_QUOTED_INCLUDE_IN_FRAMEWORK_HEADER = YES;
				CLANG_WARN_RANGE_LOOP_ANALYSIS = YES;
				CLANG_WARN_STRICT_PROTOTYPES = YES;
				CLANG_WARN_SUSPICIOUS_MOVE = YES;
				CLANG_WARN_UNGUARDED_AVAILABILITY = YES_AGGRESSIVE;
				CLANG_WARN_UNREACHABLE_CODE = YES;
				CLANG_WARN__DUPLICATE_METHOD_MATCH = YES;
				COPY_PHASE_STRIP = NO;
				DEBUG_INFORMATION_FORMAT = "dwarf-with-dsym";
				ENABLE_NS_ASSERTIONS = NO;
				ENABLE_STRICT_OBJC_MSGSEND = YES;
				GCC_C_LANGUAGE_STANDARD = gnu11;
				GCC_NO_COMMON_BLOCKS = YES;
				GCC_WARN_64_TO_32_BIT_CONVERSION = YES;
				GCC_WARN_ABOUT_RETURN_TYPE = YES_ERROR;
				GCC_WARN_UNDECLARED_SELECTOR = YES;
				GCC_WARN_UNINITIALIZED_AUTOS = YES_AGGRESSIVE;
				GCC_WARN_UNUSED_FUNCTION = YES;
				GCC_WARN_UNUSED_VARIABLE = YES;
				IPHONEOS_DEPLOYMENT_TARGET = 15.5;
				MTL_ENABLE_DEBUG_INFO = NO;
				MTL_FAST_MATH = YES;
				SDKROOT = iphoneos;
				SWIFT_COMPILATION_MODE = wholemodule;
				SWIFT_OPTIMIZATION_LEVEL = "-O";
				VALIDATE_PRODUCT = YES;
			};
			name = Release;
		};
		E99E173A288768EC0076D42B /* Debug */ = {
			isa = XCBuildConfiguration;
			buildSettings = {
				ASSETCATALOG_COMPILER_APPICON_NAME = AppIcon;
				ASSETCATALOG_COMPILER_GLOBAL_ACCENT_COLOR_NAME = AccentColor;
				CODE_SIGN_STYLE = Automatic;
				CURRENT_PROJECT_VERSION = 1;
				DEVELOPMENT_ASSET_PATHS = "\"Frontend/Preview Content\"";
				DEVELOPMENT_TEAM = QJK9PY674F;
				ENABLE_PREVIEWS = YES;
				GENERATE_INFOPLIST_FILE = YES;
				INFOPLIST_KEY_UIApplicationSceneManifest_Generation = YES;
				INFOPLIST_KEY_UIApplicationSupportsIndirectInputEvents = YES;
				INFOPLIST_KEY_UILaunchScreen_Generation = YES;
				INFOPLIST_KEY_UISupportedInterfaceOrientations_iPad = "UIInterfaceOrientationPortrait UIInterfaceOrientationPortraitUpsideDown UIInterfaceOrientationLandscapeLeft UIInterfaceOrientationLandscapeRight";
				INFOPLIST_KEY_UISupportedInterfaceOrientations_iPhone = "UIInterfaceOrientationPortrait UIInterfaceOrientationLandscapeLeft UIInterfaceOrientationLandscapeRight";
				LD_RUNPATH_SEARCH_PATHS = (
					"$(inherited)",
					"@executable_path/Frameworks",
				);
				MARKETING_VERSION = 1.0;
				PRODUCT_BUNDLE_IDENTIFIER = com.WeAreNewAtThis.Frontend;
				PRODUCT_NAME = "$(TARGET_NAME)";
				SWIFT_EMIT_LOC_STRINGS = YES;
				SWIFT_VERSION = 5.0;
				TARGETED_DEVICE_FAMILY = "1,2";
			};
			name = Debug;
		};
		E99E173B288768EC0076D42B /* Release */ = {
			isa = XCBuildConfiguration;
			buildSettings = {
				ASSETCATALOG_COMPILER_APPICON_NAME = AppIcon;
				ASSETCATALOG_COMPILER_GLOBAL_ACCENT_COLOR_NAME = AccentColor;
				CODE_SIGN_STYLE = Automatic;
				CURRENT_PROJECT_VERSION = 1;
				DEVELOPMENT_ASSET_PATHS = "\"Frontend/Preview Content\"";
				DEVELOPMENT_TEAM = QJK9PY674F;
				ENABLE_PREVIEWS = YES;
				GENERATE_INFOPLIST_FILE = YES;
				INFOPLIST_KEY_UIApplicationSceneManifest_Generation = YES;
				INFOPLIST_KEY_UIApplicationSupportsIndirectInputEvents = YES;
				INFOPLIST_KEY_UILaunchScreen_Generation = YES;
				INFOPLIST_KEY_UISupportedInterfaceOrientations_iPad = "UIInterfaceOrientationPortrait UIInterfaceOrientationPortraitUpsideDown UIInterfaceOrientationLandscapeLeft UIInterfaceOrientationLandscapeRight";
				INFOPLIST_KEY_UISupportedInterfaceOrientations_iPhone = "UIInterfaceOrientationPortrait UIInterfaceOrientationLandscapeLeft UIInterfaceOrientationLandscapeRight";
				LD_RUNPATH_SEARCH_PATHS = (
					"$(inherited)",
					"@executable_path/Frameworks",
				);
				MARKETING_VERSION = 1.0;
				PRODUCT_BUNDLE_IDENTIFIER = com.WeAreNewAtThis.Frontend;
				PRODUCT_NAME = "$(TARGET_NAME)";
				SWIFT_EMIT_LOC_STRINGS = YES;
				SWIFT_VERSION = 5.0;
				TARGETED_DEVICE_FAMILY = "1,2";
			};
			name = Release;
		};
		E99E173D288768EC0076D42B /* Debug */ = {
			isa = XCBuildConfiguration;
			buildSettings = {
				ALWAYS_EMBED_SWIFT_STANDARD_LIBRARIES = YES;
				BUNDLE_LOADER = "$(TEST_HOST)";
				CODE_SIGN_STYLE = Automatic;
				CURRENT_PROJECT_VERSION = 1;
				DEVELOPMENT_TEAM = QJK9PY674F;
				GENERATE_INFOPLIST_FILE = YES;
				IPHONEOS_DEPLOYMENT_TARGET = 15.5;
				MARKETING_VERSION = 1.0;
				PRODUCT_BUNDLE_IDENTIFIER = com.WeAreNewAtThis.FrontendTests;
				PRODUCT_NAME = "$(TARGET_NAME)";
				SWIFT_EMIT_LOC_STRINGS = NO;
				SWIFT_VERSION = 5.0;
				TARGETED_DEVICE_FAMILY = "1,2";
				TEST_HOST = "$(BUILT_PRODUCTS_DIR)/Frontend.app/Frontend";
			};
			name = Debug;
		};
		E99E173E288768EC0076D42B /* Release */ = {
			isa = XCBuildConfiguration;
			buildSettings = {
				ALWAYS_EMBED_SWIFT_STANDARD_LIBRARIES = YES;
				BUNDLE_LOADER = "$(TEST_HOST)";
				CODE_SIGN_STYLE = Automatic;
				CURRENT_PROJECT_VERSION = 1;
				DEVELOPMENT_TEAM = QJK9PY674F;
				GENERATE_INFOPLIST_FILE = YES;
				IPHONEOS_DEPLOYMENT_TARGET = 15.5;
				MARKETING_VERSION = 1.0;
				PRODUCT_BUNDLE_IDENTIFIER = com.WeAreNewAtThis.FrontendTests;
				PRODUCT_NAME = "$(TARGET_NAME)";
				SWIFT_EMIT_LOC_STRINGS = NO;
				SWIFT_VERSION = 5.0;
				TARGETED_DEVICE_FAMILY = "1,2";
				TEST_HOST = "$(BUILT_PRODUCTS_DIR)/Frontend.app/Frontend";
			};
			name = Release;
		};
		E99E1740288768EC0076D42B /* Debug */ = {
			isa = XCBuildConfiguration;
			buildSettings = {
				ALWAYS_EMBED_SWIFT_STANDARD_LIBRARIES = YES;
				CODE_SIGN_STYLE = Automatic;
				CURRENT_PROJECT_VERSION = 1;
				DEVELOPMENT_TEAM = QJK9PY674F;
				GENERATE_INFOPLIST_FILE = YES;
				MARKETING_VERSION = 1.0;
				PRODUCT_BUNDLE_IDENTIFIER = com.WeAreNewAtThis.FrontendUITests;
				PRODUCT_NAME = "$(TARGET_NAME)";
				SWIFT_EMIT_LOC_STRINGS = NO;
				SWIFT_VERSION = 5.0;
				TARGETED_DEVICE_FAMILY = "1,2";
				TEST_TARGET_NAME = Frontend;
			};
			name = Debug;
		};
		E99E1741288768EC0076D42B /* Release */ = {
			isa = XCBuildConfiguration;
			buildSettings = {
				ALWAYS_EMBED_SWIFT_STANDARD_LIBRARIES = YES;
				CODE_SIGN_STYLE = Automatic;
				CURRENT_PROJECT_VERSION = 1;
				DEVELOPMENT_TEAM = QJK9PY674F;
				GENERATE_INFOPLIST_FILE = YES;
				MARKETING_VERSION = 1.0;
				PRODUCT_BUNDLE_IDENTIFIER = com.WeAreNewAtThis.FrontendUITests;
				PRODUCT_NAME = "$(TARGET_NAME)";
				SWIFT_EMIT_LOC_STRINGS = NO;
				SWIFT_VERSION = 5.0;
				TARGETED_DEVICE_FAMILY = "1,2";
				TEST_TARGET_NAME = Frontend;
			};
			name = Release;
		};
/* End XCBuildConfiguration section */

/* Begin XCConfigurationList section */
		E99E170B288768EB0076D42B /* Build configuration list for PBXProject "Frontend" */ = {
			isa = XCConfigurationList;
			buildConfigurations = (
				E99E1737288768EC0076D42B /* Debug */,
				E99E1738288768EC0076D42B /* Release */,
			);
			defaultConfigurationIsVisible = 0;
			defaultConfigurationName = Release;
		};
		E99E1739288768EC0076D42B /* Build configuration list for PBXNativeTarget "Frontend" */ = {
			isa = XCConfigurationList;
			buildConfigurations = (
				E99E173A288768EC0076D42B /* Debug */,
				E99E173B288768EC0076D42B /* Release */,
			);
			defaultConfigurationIsVisible = 0;
			defaultConfigurationName = Release;
		};
		E99E173C288768EC0076D42B /* Build configuration list for PBXNativeTarget "FrontendTests" */ = {
			isa = XCConfigurationList;
			buildConfigurations = (
				E99E173D288768EC0076D42B /* Debug */,
				E99E173E288768EC0076D42B /* Release */,
			);
			defaultConfigurationIsVisible = 0;
			defaultConfigurationName = Release;
		};
		E99E173F288768EC0076D42B /* Build configuration list for PBXNativeTarget "FrontendUITests" */ = {
			isa = XCConfigurationList;
			buildConfigurations = (
				E99E1740288768EC0076D42B /* Debug */,
				E99E1741288768EC0076D42B /* Release */,
			);
			defaultConfigurationIsVisible = 0;
			defaultConfigurationName = Release;
		};
/* End XCConfigurationList section */

/* Begin XCVersionGroup section */
		E99E171E288768EC0076D42B /* Frontend.xcdatamodeld */ = {
			isa = XCVersionGroup;
			children = (
				E99E171F288768EC0076D42B /* Frontend.xcdatamodel */,
			);
			currentVersion = E99E171F288768EC0076D42B /* Frontend.xcdatamodel */;
			path = Frontend.xcdatamodeld;
			sourceTree = "<group>";
			versionGroupType = wrapper.xcdatamodel;
		};
/* End XCVersionGroup section */
	};
	rootObject = E99E1708288768EB0076D42B /* Project object */;
}
